
Microsoft Visual Studio Solution File, Format Version 12.00
# Visual Studio Version 16
VisualStudioVersion = 16.0.30523.141
MinimumVisualStudioVersion = 10.0.40219.1
Project("{FAE04EC0-301F-11D3-BF4B-00C04F79EFBC}") = "Test", "Test\Test.csproj", "{7F9A41AE-BDB0-4FC3-92F6-093580F07198}"
EndProject
Global
	GlobalSection(SolutionConfigurationPlatforms) = preSolution
		Debug|Any CPU = Debug|Any CPU
		Release|Any CPU = Release|Any CPU
	EndGlobalSection
	GlobalSection(ProjectConfigurationPlatforms) = postSolution
		{7F9A41AE-BDB0-4FC3-92F6-093580F07198}.Debug|Any CPU.ActiveCfg = Debug|Any CPU
		{7F9A41AE-BDB0-4FC3-92F6-093580F07198}.Debug|Any CPU.Build.0 = Debug|Any CPU
		{7F9A41AE-BDB0-4FC3-92F6-093580F07198}.Release|Any CPU.ActiveCfg = Release|Any CPU
		{7F9A41AE-BDB0-4FC3-92F6-093580F07198}.Release|Any CPU.Build.0 = Release|Any CPU
	EndGlobalSection
	GlobalSection(SolutionProperties) = preSolution
		HideSolutionNode = FALSE
	EndGlobalSection
	GlobalSection(ExtensibilityGlobals) = postSolution
		SolutionGuid = {EE5E3FEB-1879-48BA-A3CC-72D6D3E20B96}
	EndGlobalSection
EndGlobal
